
Microsoft Visual Studio Solution File, Format Version 12.00
# Visual Studio Version 17
VisualStudioVersion = 17.2.32616.157
MinimumVisualStudioVersion = 10.0.40219.1
Project("{FAE04EC0-301F-11D3-BF4B-00C04F79EFBC}") = "Refactoring", "Refactoring\Refactoring.csproj", "{BCB1ADAF-D5D2-4F31-82E7-AFD9F6CF5B78}"
EndProject
Global
	GlobalSection(SolutionConfigurationPlatforms) = preSolution
		Debug|Any CPU = Debug|Any CPU
		Release|Any CPU = Release|Any CPU
	EndGlobalSection
	GlobalSection(ProjectConfigurationPlatforms) = postSolution
		{BCB1ADAF-D5D2-4F31-82E7-AFD9F6CF5B78}.Debug|Any CPU.ActiveCfg = Debug|Any CPU
		{BCB1ADAF-D5D2-4F31-82E7-AFD9F6CF5B78}.Debug|Any CPU.Build.0 = Debug|Any CPU
		{BCB1ADAF-D5D2-4F31-82E7-AFD9F6CF5B78}.Release|Any CPU.ActiveCfg = Release|Any CPU
		{BCB1ADAF-D5D2-4F31-82E7-AFD9F6CF5B78}.Release|Any CPU.Build.0 = Release|Any CPU
	EndGlobalSection
	GlobalSection(SolutionProperties) = preSolution
		HideSolutionNode = FALSE
	EndGlobalSection
	GlobalSection(ExtensibilityGlobals) = postSolution
		SolutionGuid = {5951DBBB-B09C-4D4D-B03D-54657AFD3BF1}
	EndGlobalSection
EndGlobal
